
Microsoft Visual Studio Solution File, Format Version 12.00
# Visual Studio Version 17
VisualStudioVersion = 17.4.33213.308
MinimumVisualStudioVersion = 10.0.40219.1
Project("{9A19103F-16F7-4668-BE54-9A1E7A4F7556}") = "CSharpTotal_Ejercicios", "CSharpTotal_Ejercicios\CSharpTotal_Ejercicios.csproj", "{F2256EFC-D0B0-4E12-87D2-BFD46B3C2AE9}"
EndProject
Project("{FAE04EC0-301F-11D3-BF4B-00C04F79EFBC}") = "WPF 02", "WPF 02\WPF 02.csproj", "{2A41E88C-780C-4D22-80CF-EBE9E6200A1C}"
EndProject
Project("{FAE04EC0-301F-11D3-BF4B-00C04F79EFBC}") = "WPF 03", "WPF 03\WPF 03.csproj", "{724C8138-F017-4CF1-9308-034B30945529}"
EndProject
Project("{FAE04EC0-301F-11D3-BF4B-00C04F79EFBC}") = "WPF 04", "WPF 04\WPF 04.csproj", "{DDAA8BD9-C440-4AB1-BB2C-E0E711046F67}"
EndProject
Project("{FAE04EC0-301F-11D3-BF4B-00C04F79EFBC}") = "WPF-06", "WPF-06\WPF-06.csproj", "{7A8E61C6-3F61-4418-9DB0-D475D4D37523}"
EndProject
Project("{FAE04EC0-301F-11D3-BF4B-00C04F79EFBC}") = "WPF-08", "WPF-08\WPF-08.csproj", "{C80A4F78-0746-4F8E-8CC0-2635631A24DF}"
EndProject
Project("{FAE04EC0-301F-11D3-BF4B-00C04F79EFBC}") = "WPF-07", "WPF-07\WPF-07.csproj", "{68252E89-41AE-48F5-B93C-0176A54DD3E0}"
EndProject
Project("{FAE04EC0-301F-11D3-BF4B-00C04F79EFBC}") = "WPF-09", "WPF-09\WPF-09.csproj", "{C5C9588F-8C65-4B29-9AC6-85B6222AABA1}"
EndProject
Project("{FAE04EC0-301F-11D3-BF4B-00C04F79EFBC}") = "WPF-10", "WPF-10\WPF-10.csproj", "{F8AA0E81-74B4-4FF3-A044-44DF26EDEF51}"
EndProject
Project("{FAE04EC0-301F-11D3-BF4B-00C04F79EFBC}") = "WPF-11", "WPF-11\WPF-11.csproj", "{683D4306-FA29-49C2-A56C-9323A99084C0}"
EndProject
Project("{FAE04EC0-301F-11D3-BF4B-00C04F79EFBC}") = "WPF-12", "WPF-12\WPF-12.csproj", "{3AF2ABEE-0BEC-45D6-AB3F-4CE4A0ECB1FA}"
EndProject
Project("{FAE04EC0-301F-11D3-BF4B-00C04F79EFBC}") = "WPF-13", "WPF-13\WPF-13.csproj", "{13F6353E-05D1-463D-87BD-74761EE8208E}"
EndProject
Project("{FAE04EC0-301F-11D3-BF4B-00C04F79EFBC}") = "WPF-15", "WPF-15\WPF-15.csproj", "{F1624E33-9A85-4797-B6C4-6E05AE7C4596}"
EndProject
Project("{FAE04EC0-301F-11D3-BF4B-00C04F79EFBC}") = "ProyectEF", "ProyectEF\ProyectEF.csproj", "{6EAE5A51-9453-4EE0-AFFE-3752A4E2A0D1}"
EndProject
Global
	GlobalSection(SolutionConfigurationPlatforms) = preSolution
		Debug|Any CPU = Debug|Any CPU
		Release|Any CPU = Release|Any CPU
	EndGlobalSection
	GlobalSection(ProjectConfigurationPlatforms) = postSolution
		{F2256EFC-D0B0-4E12-87D2-BFD46B3C2AE9}.Debug|Any CPU.ActiveCfg = Debug|Any CPU
		{F2256EFC-D0B0-4E12-87D2-BFD46B3C2AE9}.Debug|Any CPU.Build.0 = Debug|Any CPU
		{F2256EFC-D0B0-4E12-87D2-BFD46B3C2AE9}.Release|Any CPU.ActiveCfg = Release|Any CPU
		{F2256EFC-D0B0-4E12-87D2-BFD46B3C2AE9}.Release|Any CPU.Build.0 = Release|Any CPU
		{2A41E88C-780C-4D22-80CF-EBE9E6200A1C}.Debug|Any CPU.ActiveCfg = Debug|Any CPU
		{2A41E88C-780C-4D22-80CF-EBE9E6200A1C}.Debug|Any CPU.Build.0 = Debug|Any CPU
		{2A41E88C-780C-4D22-80CF-EBE9E6200A1C}.Release|Any CPU.ActiveCfg = Release|Any CPU
		{2A41E88C-780C-4D22-80CF-EBE9E6200A1C}.Release|Any CPU.Build.0 = Release|Any CPU
		{724C8138-F017-4CF1-9308-034B30945529}.Debug|Any CPU.ActiveCfg = Debug|Any CPU
		{724C8138-F017-4CF1-9308-034B30945529}.Debug|Any CPU.Build.0 = Debug|Any CPU
		{724C8138-F017-4CF1-9308-034B30945529}.Release|Any CPU.ActiveCfg = Release|Any CPU
		{724C8138-F017-4CF1-9308-034B30945529}.Release|Any CPU.Build.0 = Release|Any CPU
		{DDAA8BD9-C440-4AB1-BB2C-E0E711046F67}.Debug|Any CPU.ActiveCfg = Debug|Any CPU
		{DDAA8BD9-C440-4AB1-BB2C-E0E711046F67}.Debug|Any CPU.Build.0 = Debug|Any CPU
		{DDAA8BD9-C440-4AB1-BB2C-E0E711046F67}.Release|Any CPU.ActiveCfg = Release|Any CPU
		{DDAA8BD9-C440-4AB1-BB2C-E0E711046F67}.Release|Any CPU.Build.0 = Release|Any CPU
		{7A8E61C6-3F61-4418-9DB0-D475D4D37523}.Debug|Any CPU.ActiveCfg = Debug|Any CPU
		{7A8E61C6-3F61-4418-9DB0-D475D4D37523}.Debug|Any CPU.Build.0 = Debug|Any CPU
		{7A8E61C6-3F61-4418-9DB0-D475D4D37523}.Release|Any CPU.ActiveCfg = Release|Any CPU
		{7A8E61C6-3F61-4418-9DB0-D475D4D37523}.Release|Any CPU.Build.0 = Release|Any CPU
		{C80A4F78-0746-4F8E-8CC0-2635631A24DF}.Debug|Any CPU.ActiveCfg = Debug|Any CPU
		{C80A4F78-0746-4F8E-8CC0-2635631A24DF}.Debug|Any CPU.Build.0 = Debug|Any CPU
		{C80A4F78-0746-4F8E-8CC0-2635631A24DF}.Release|Any CPU.ActiveCfg = Release|Any CPU
		{C80A4F78-0746-4F8E-8CC0-2635631A24DF}.Release|Any CPU.Build.0 = Release|Any CPU
		{68252E89-41AE-48F5-B93C-0176A54DD3E0}.Debug|Any CPU.ActiveCfg = Debug|Any CPU
		{68252E89-41AE-48F5-B93C-0176A54DD3E0}.Debug|Any CPU.Build.0 = Debug|Any CPU
		{68252E89-41AE-48F5-B93C-0176A54DD3E0}.Release|Any CPU.ActiveCfg = Release|Any CPU
		{68252E89-41AE-48F5-B93C-0176A54DD3E0}.Release|Any CPU.Build.0 = Release|Any CPU
		{C5C9588F-8C65-4B29-9AC6-85B6222AABA1}.Debug|Any CPU.ActiveCfg = Debug|Any CPU
		{C5C9588F-8C65-4B29-9AC6-85B6222AABA1}.Debug|Any CPU.Build.0 = Debug|Any CPU
		{C5C9588F-8C65-4B29-9AC6-85B6222AABA1}.Release|Any CPU.ActiveCfg = Release|Any CPU
		{C5C9588F-8C65-4B29-9AC6-85B6222AABA1}.Release|Any CPU.Build.0 = Release|Any CPU
		{F8AA0E81-74B4-4FF3-A044-44DF26EDEF51}.Debug|Any CPU.ActiveCfg = Debug|Any CPU
		{F8AA0E81-74B4-4FF3-A044-44DF26EDEF51}.Debug|Any CPU.Build.0 = Debug|Any CPU
		{F8AA0E81-74B4-4FF3-A044-44DF26EDEF51}.Release|Any CPU.ActiveCfg = Release|Any CPU
		{F8AA0E81-74B4-4FF3-A044-44DF26EDEF51}.Release|Any CPU.Build.0 = Release|Any CPU
		{683D4306-FA29-49C2-A56C-9323A99084C0}.Debug|Any CPU.ActiveCfg = Debug|Any CPU
		{683D4306-FA29-49C2-A56C-9323A99084C0}.Debug|Any CPU.Build.0 = Debug|Any CPU
		{683D4306-FA29-49C2-A56C-9323A99084C0}.Release|Any CPU.ActiveCfg = Release|Any CPU
		{683D4306-FA29-49C2-A56C-9323A99084C0}.Release|Any CPU.Build.0 = Release|Any CPU
		{3AF2ABEE-0BEC-45D6-AB3F-4CE4A0ECB1FA}.Debug|Any CPU.ActiveCfg = Debug|Any CPU
		{3AF2ABEE-0BEC-45D6-AB3F-4CE4A0ECB1FA}.Debug|Any CPU.Build.0 = Debug|Any CPU
		{3AF2ABEE-0BEC-45D6-AB3F-4CE4A0ECB1FA}.Release|Any CPU.ActiveCfg = Release|Any CPU
		{3AF2ABEE-0BEC-45D6-AB3F-4CE4A0ECB1FA}.Release|Any CPU.Build.0 = Release|Any CPU
		{13F6353E-05D1-463D-87BD-74761EE8208E}.Debug|Any CPU.ActiveCfg = Debug|Any CPU
		{13F6353E-05D1-463D-87BD-74761EE8208E}.Debug|Any CPU.Build.0 = Debug|Any CPU
		{13F6353E-05D1-463D-87BD-74761EE8208E}.Release|Any CPU.ActiveCfg = Release|Any CPU
		{13F6353E-05D1-463D-87BD-74761EE8208E}.Release|Any CPU.Build.0 = Release|Any CPU
		{F1624E33-9A85-4797-B6C4-6E05AE7C4596}.Debug|Any CPU.ActiveCfg = Debug|Any CPU
		{F1624E33-9A85-4797-B6C4-6E05AE7C4596}.Debug|Any CPU.Build.0 = Debug|Any CPU
		{F1624E33-9A85-4797-B6C4-6E05AE7C4596}.Release|Any CPU.ActiveCfg = Release|Any CPU
		{F1624E33-9A85-4797-B6C4-6E05AE7C4596}.Release|Any CPU.Build.0 = Release|Any CPU
		{6EAE5A51-9453-4EE0-AFFE-3752A4E2A0D1}.Debug|Any CPU.ActiveCfg = Debug|Any CPU
		{6EAE5A51-9453-4EE0-AFFE-3752A4E2A0D1}.Debug|Any CPU.Build.0 = Debug|Any CPU
		{6EAE5A51-9453-4EE0-AFFE-3752A4E2A0D1}.Release|Any CPU.ActiveCfg = Release|Any CPU
		{6EAE5A51-9453-4EE0-AFFE-3752A4E2A0D1}.Release|Any CPU.Build.0 = Release|Any CPU
	EndGlobalSection
	GlobalSection(SolutionProperties) = preSolution
		HideSolutionNode = FALSE
	EndGlobalSection
	GlobalSection(ExtensibilityGlobals) = postSolution
		SolutionGuid = {5C4A2625-7DE9-4718-8373-5B7F2C5D1B77}
	EndGlobalSection
EndGlobal
