
Microsoft Visual Studio Solution File, Format Version 12.00
# Visual Studio Version 16
VisualStudioVersion = 16.0.33214.272
MinimumVisualStudioVersion = 10.0.40219.1
Project("{9A19103F-16F7-4668-BE54-9A1E7A4F7556}") = "CSharpTotal_Ejercicios", "CSharpTotal_Ejercicios\CSharpTotal_Ejercicios.csproj", "{F2256EFC-D0B0-4E12-87D2-BFD46B3C2AE9}"
EndProject
Project("{FAE04EC0-301F-11D3-BF4B-00C04F79EFBC}") = "WPF 02", "WPF 02\WPF 02.csproj", "{2A41E88C-780C-4D22-80CF-EBE9E6200A1C}"
EndProject
Project("{FAE04EC0-301F-11D3-BF4B-00C04F79EFBC}") = "WPF 03", "WPF 03\WPF 03.csproj", "{724C8138-F017-4CF1-9308-034B30945529}"
EndProject
Project("{FAE04EC0-301F-11D3-BF4B-00C04F79EFBC}") = "WPF 04", "WPF 04\WPF 04.csproj", "{DDAA8BD9-C440-4AB1-BB2C-E0E711046F67}"
EndProject
Project("{FAE04EC0-301F-11D3-BF4B-00C04F79EFBC}") = "WPF-06", "WPF-06\WPF-06.csproj", "{7A8E61C6-3F61-4418-9DB0-D475D4D37523}"
EndProject
Global
	GlobalSection(SolutionConfigurationPlatforms) = preSolution
		Debug|Any CPU = Debug|Any CPU
		Release|Any CPU = Release|Any CPU
	EndGlobalSection
	GlobalSection(ProjectConfigurationPlatforms) = postSolution
		{F2256EFC-D0B0-4E12-87D2-BFD46B3C2AE9}.Debug|Any CPU.ActiveCfg = Debug|Any CPU
		{F2256EFC-D0B0-4E12-87D2-BFD46B3C2AE9}.Debug|Any CPU.Build.0 = Debug|Any CPU
		{F2256EFC-D0B0-4E12-87D2-BFD46B3C2AE9}.Release|Any CPU.ActiveCfg = Release|Any CPU
		{F2256EFC-D0B0-4E12-87D2-BFD46B3C2AE9}.Release|Any CPU.Build.0 = Release|Any CPU
		{2A41E88C-780C-4D22-80CF-EBE9E6200A1C}.Debug|Any CPU.ActiveCfg = Debug|Any CPU
		{2A41E88C-780C-4D22-80CF-EBE9E6200A1C}.Debug|Any CPU.Build.0 = Debug|Any CPU
		{2A41E88C-780C-4D22-80CF-EBE9E6200A1C}.Release|Any CPU.ActiveCfg = Release|Any CPU
		{2A41E88C-780C-4D22-80CF-EBE9E6200A1C}.Release|Any CPU.Build.0 = Release|Any CPU
		{724C8138-F017-4CF1-9308-034B30945529}.Debug|Any CPU.ActiveCfg = Debug|Any CPU
		{724C8138-F017-4CF1-9308-034B30945529}.Debug|Any CPU.Build.0 = Debug|Any CPU
		{724C8138-F017-4CF1-9308-034B30945529}.Release|Any CPU.ActiveCfg = Release|Any CPU
		{724C8138-F017-4CF1-9308-034B30945529}.Release|Any CPU.Build.0 = Release|Any CPU
		{DDAA8BD9-C440-4AB1-BB2C-E0E711046F67}.Debug|Any CPU.ActiveCfg = Debug|Any CPU
		{DDAA8BD9-C440-4AB1-BB2C-E0E711046F67}.Debug|Any CPU.Build.0 = Debug|Any CPU
		{DDAA8BD9-C440-4AB1-BB2C-E0E711046F67}.Release|Any CPU.ActiveCfg = Release|Any CPU
		{DDAA8BD9-C440-4AB1-BB2C-E0E711046F67}.Release|Any CPU.Build.0 = Release|Any CPU
		{7A8E61C6-3F61-4418-9DB0-D475D4D37523}.Debug|Any CPU.ActiveCfg = Debug|Any CPU
		{7A8E61C6-3F61-4418-9DB0-D475D4D37523}.Debug|Any CPU.Build.0 = Debug|Any CPU
		{7A8E61C6-3F61-4418-9DB0-D475D4D37523}.Release|Any CPU.ActiveCfg = Release|Any CPU
		{7A8E61C6-3F61-4418-9DB0-D475D4D37523}.Release|Any CPU.Build.0 = Release|Any CPU
	EndGlobalSection
	GlobalSection(SolutionProperties) = preSolution
		HideSolutionNode = FALSE
	EndGlobalSection
	GlobalSection(ExtensibilityGlobals) = postSolution
		SolutionGuid = {5C4A2625-7DE9-4718-8373-5B7F2C5D1B77}
	EndGlobalSection
EndGlobal
